
Microsoft Visual Studio Solution File, Format Version 12.00
# Visual Studio Version 16
VisualStudioVersion = 16.0.30114.105
MinimumVisualStudioVersion = 10.0.40219.1
Project("{FAE04EC0-301F-11D3-BF4B-00C04F79EFBC}") = "PuzzlePatternGenerator", "src\PuzzlePatternGenerator\PuzzlePatternGenerator.csproj", "{F991C12B-7D1F-42FF-B2BA-B265E7D7D37C}"
EndProject
Global
	GlobalSection(SolutionConfigurationPlatforms) = preSolution
		Debug|Any CPU = Debug|Any CPU
		Release|Any CPU = Release|Any CPU
	EndGlobalSection
	GlobalSection(SolutionProperties) = preSolution
		HideSolutionNode = FALSE
	EndGlobalSection
	GlobalSection(ProjectConfigurationPlatforms) = postSolution
		{F991C12B-7D1F-42FF-B2BA-B265E7D7D37C}.Debug|Any CPU.ActiveCfg = Debug|Any CPU
		{F991C12B-7D1F-42FF-B2BA-B265E7D7D37C}.Debug|Any CPU.Build.0 = Debug|Any CPU
		{F991C12B-7D1F-42FF-B2BA-B265E7D7D37C}.Release|Any CPU.ActiveCfg = Release|Any CPU
		{F991C12B-7D1F-42FF-B2BA-B265E7D7D37C}.Release|Any CPU.Build.0 = Release|Any CPU
	EndGlobalSection
EndGlobal
